// !$*UTF8*$!
{
	archiveVersion = 1;
	classes = {
	};
	objectVersion = 46;
	objects = {

/* Begin PBXBuildFile section */
		1D3C6C22B3595DABB6C7C8D6 /* Pods_MapItOut.framework in Frameworks */ = {isa = PBXBuildFile; fileRef = DA73A6F5A94BFE32E29BB6AB /* Pods_MapItOut.framework */; };
		8312E0031F13318A00AD0054 /* Storyboard+Utility.swift in Sources */ = {isa = PBXBuildFile; fileRef = 8312E0021F13318A00AD0054 /* Storyboard+Utility.swift */; };
		832C70781F15350A00E213F4 /* StorageReference.swift in Sources */ = {isa = PBXBuildFile; fileRef = 832C70771F15350A00E213F4 /* StorageReference.swift */; };
		832C7A3D1F2664630094766A /* ResetEmailViewController.swift in Sources */ = {isa = PBXBuildFile; fileRef = 832C7A3C1F2664630094766A /* ResetEmailViewController.swift */; };
		832C7A3F1F266F6E0094766A /* whitePin.png in Resources */ = {isa = PBXBuildFile; fileRef = 832C7A3E1F266F6E0094766A /* whitePin.png */; };
		832E167A1F1BF1D1005FCE55 /* Refresh.png in Resources */ = {isa = PBXBuildFile; fileRef = 832E16791F1BF1D1005FCE55 /* Refresh.png */; };
		832E167C1F1BF2BE005FCE55 /* whiteGearImage.png in Resources */ = {isa = PBXBuildFile; fileRef = 832E167B1F1BF2BE005FCE55 /* whiteGearImage.png */; };
		833BE1851F2A5445009B229A /* Assets.xcassets in Resources */ = {isa = PBXBuildFile; fileRef = 833BE1841F2A5445009B229A /* Assets.xcassets */; };
		8341D2351F17D76B00242BC8 /* ContactsTableViewCell.swift in Sources */ = {isa = PBXBuildFile; fileRef = 8341D2341F17D76B00242BC8 /* ContactsTableViewCell.swift */; };
		8341D2371F17D78100242BC8 /* ContactsTableViewController.swift in Sources */ = {isa = PBXBuildFile; fileRef = 8341D2361F17D78100242BC8 /* ContactsTableViewController.swift */; };
		8343CC221F2A83C100DCDB99 /* greenPlus.png in Resources */ = {isa = PBXBuildFile; fileRef = 8343CC211F2A83C100DCDB99 /* greenPlus.png */; };
		83533A701F133F64002EEE74 /* plusImage.png in Resources */ = {isa = PBXBuildFile; fileRef = 83533A6F1F133F64002EEE74 /* plusImage.png */; };
		83533A721F1340C7002EEE74 /* MainViewController.swift in Sources */ = {isa = PBXBuildFile; fileRef = 83533A711F1340C7002EEE74 /* MainViewController.swift */; };
		83533A741F134317002EEE74 /* MapKit.framework in Frameworks */ = {isa = PBXBuildFile; fileRef = 83533A731F134317002EEE74 /* MapKit.framework */; };
		83533A761F134706002EEE74 /* CustomTableCell.swift in Sources */ = {isa = PBXBuildFile; fileRef = 83533A751F134706002EEE74 /* CustomTableCell.swift */; };
		83533A7B1F134CC5002EEE74 /* Entry.swift in Sources */ = {isa = PBXBuildFile; fileRef = 83533A7A1F134CC5002EEE74 /* Entry.swift */; };
		83533A7D1F135272002EEE74 /* StorageService.swift in Sources */ = {isa = PBXBuildFile; fileRef = 83533A7C1F135272002EEE74 /* StorageService.swift */; };
		83533A7F1F1359A4002EEE74 /* ItemService.swift in Sources */ = {isa = PBXBuildFile; fileRef = 83533A7E1F1359A4002EEE74 /* ItemService.swift */; };
		835ADA4A1F2969E80045F205 /* detailsButton.png in Resources */ = {isa = PBXBuildFile; fileRef = 835ADA491F2969E80045F205 /* detailsButton.png */; };
		8362EE821F19E1C40055BF6C /* CustomPointAnnotation.swift in Sources */ = {isa = PBXBuildFile; fileRef = 8362EE811F19E1C40055BF6C /* CustomPointAnnotation.swift */; };
		83680B611F149F2B003A14CC /* plusButton200*200.png in Resources */ = {isa = PBXBuildFile; fileRef = 83680B601F149F2B003A14CC /* plusButton200*200.png */; };
		83680B631F14A83D003A14CC /* arrowGreen.png in Resources */ = {isa = PBXBuildFile; fileRef = 83680B621F14A83D003A14CC /* arrowGreen.png */; };
		83761FC01F16BC1E00CE33D7 /* LocationService.swift in Sources */ = {isa = PBXBuildFile; fileRef = 83761FBF1F16BC1E00CE33D7 /* LocationService.swift */; };
		83777A7A1F2009730023C51C /* SignInPopUpViewController.swift in Sources */ = {isa = PBXBuildFile; fileRef = 83777A791F2009730023C51C /* SignInPopUpViewController.swift */; };
		837938941F136CE1003B4B34 /* AddEntryViewController.swift in Sources */ = {isa = PBXBuildFile; fileRef = 837938931F136CE1003B4B34 /* AddEntryViewController.swift */; };
		837938961F137213003B4B34 /* MGPhotoHelper.swift in Sources */ = {isa = PBXBuildFile; fileRef = 837938951F137213003B4B34 /* MGPhotoHelper.swift */; };
		838AC93D1F16EB8300D0EDCA /* 500*20Shadow.png in Resources */ = {isa = PBXBuildFile; fileRef = 838AC93C1F16EB8300D0EDCA /* 500*20Shadow.png */; };
		839149271F23195300D1E959 /* defaultNoItemImage.png in Resources */ = {isa = PBXBuildFile; fileRef = 839149261F23195300D1E959 /* defaultNoItemImage.png */; };
		8391492B1F240FA100D1E959 /* filter.png in Resources */ = {isa = PBXBuildFile; fileRef = 8391492A1F240FA100D1E959 /* filter.png */; };
		839DF3B81F147E250029D556 /* redPin.png in Resources */ = {isa = PBXBuildFile; fileRef = 839DF3B71F147E250029D556 /* redPin.png */; };
		83A00C761F14B40B0033E821 /* List icon.png in Resources */ = {isa = PBXBuildFile; fileRef = 83A00C741F14B40B0033E821 /* List icon.png */; };
		83A00C771F14B40B0033E821 /* Map Icon.png in Resources */ = {isa = PBXBuildFile; fileRef = 83A00C751F14B40B0033E821 /* Map Icon.png */; };
		83A00C791F14B6A90033E821 /* Rory.jpg in Resources */ = {isa = PBXBuildFile; fileRef = 83A00C781F14B6A90033E821 /* Rory.jpg */; };
		83A43C461F1D75E3000F4324 /* findContact.png in Resources */ = {isa = PBXBuildFile; fileRef = 83A43C441F1D75E3000F4324 /* findContact.png */; };
		83A43C471F1D75E3000F4324 /* selectedFindcontact.png in Resources */ = {isa = PBXBuildFile; fileRef = 83A43C451F1D75E3000F4324 /* selectedFindcontact.png */; };
		83AEF55E1F27DD68005AE7D3 /* noContactImage.png in Resources */ = {isa = PBXBuildFile; fileRef = 83AEF55D1F27DD68005AE7D3 /* noContactImage.png */; };
		83B49FD51F21C0EF00EFF184 /* CoreDataHelper.swift in Sources */ = {isa = PBXBuildFile; fileRef = 83B49FD41F21C0EF00EFF184 /* CoreDataHelper.swift */; };
		83B5D0011F1C430B003AB9CD /* PopUpViewController.swift in Sources */ = {isa = PBXBuildFile; fileRef = 83B5D0001F1C430B003AB9CD /* PopUpViewController.swift */; };
		83C8FDA41F290BD000795965 /* InternetConnectionHelper.swift in Sources */ = {isa = PBXBuildFile; fileRef = 83C8FDA31F290BD000795965 /* InternetConnectionHelper.swift */; };
		83C8FDAA1F29379500795965 /* LocationTableViewCell.swift in Sources */ = {isa = PBXBuildFile; fileRef = 83C8FDA91F29379500795965 /* LocationTableViewCell.swift */; };
		83D529741F12F03A00ED4EEE /* Login.storyboard in Resources */ = {isa = PBXBuildFile; fileRef = 83D529731F12F03A00ED4EEE /* Login.storyboard */; };
		83D529771F12F38800ED4EEE /* User.swift in Sources */ = {isa = PBXBuildFile; fileRef = 83D529761F12F38800ED4EEE /* User.swift */; };
		83D5297A1F12FCAD00ED4EEE /* UserService.swift in Sources */ = {isa = PBXBuildFile; fileRef = 83D529791F12FCAD00ED4EEE /* UserService.swift */; };
		83D5297D1F12FCFD00ED4EEE /* GoogleService-Info.plist in Resources */ = {isa = PBXBuildFile; fileRef = 83D5297B1F12FCFD00ED4EEE /* GoogleService-Info.plist */; };
		83DDC23A1F1693F90072BCFB /* ContactListController.swift in Sources */ = {isa = PBXBuildFile; fileRef = 83DDC2391F1693F90072BCFB /* ContactListController.swift */; };
		83E4CB141F12EA5D00EDDD91 /* AppDelegate.swift in Sources */ = {isa = PBXBuildFile; fileRef = 83E4CB131F12EA5D00EDDD91 /* AppDelegate.swift */; };
		83E4CB1C1F12EA5D00EDDD91 /* MapItOut.xcdatamodeld in Sources */ = {isa = PBXBuildFile; fileRef = 83E4CB1A1F12EA5D00EDDD91 /* MapItOut.xcdatamodeld */; };
		83E4CB2A1F12EB5800EDDD91 /* LaunchScreen.storyboard in Resources */ = {isa = PBXBuildFile; fileRef = 83E4CB281F12EB5800EDDD91 /* LaunchScreen.storyboard */; };
		83E4CB2B1F12EB5800EDDD91 /* Main.storyboard in Resources */ = {isa = PBXBuildFile; fileRef = 83E4CB291F12EB5800EDDD91 /* Main.storyboard */; };
		83E4CB2E1F12EB8100EDDD91 /* LoginViewController.swift in Sources */ = {isa = PBXBuildFile; fileRef = 83E4CB2D1F12EB8100EDDD91 /* LoginViewController.swift */; };
		83E4CB361F12EC2600EDDD91 /* Icon.png in Resources */ = {isa = PBXBuildFile; fileRef = 83E4CB351F12EC2600EDDD91 /* Icon.png */; };
		83E5002A1F269B5500E69872 /* AddTypePopUpViewController.swift in Sources */ = {isa = PBXBuildFile; fileRef = 83E500291F269B5500E69872 /* AddTypePopUpViewController.swift */; };
		83EB67671F22A12400BD9BD8 /* placeHolder.png in Resources */ = {isa = PBXBuildFile; fileRef = 83EB67661F22A12400BD9BD8 /* placeHolder.png */; };
		83EB676B1F22AC5C00BD9BD8 /* InitalLoadingViewController.swift in Sources */ = {isa = PBXBuildFile; fileRef = 83EB676A1F22AC5C00BD9BD8 /* InitalLoadingViewController.swift */; };
		83EC9DCD1F148BAD00AAC07B /* 200*274pin.png in Resources */ = {isa = PBXBuildFile; fileRef = 83EC9DCC1F148BAD00AAC07B /* 200*274pin.png */; };
/* End PBXBuildFile section */

/* Begin PBXFileReference section */
		8312E0021F13318A00AD0054 /* Storyboard+Utility.swift */ = {isa = PBXFileReference; fileEncoding = 4; lastKnownFileType = sourcecode.swift; name = "Storyboard+Utility.swift"; path = "Extensions/Storyboard+Utility.swift"; sourceTree = "<group>"; };
		832C70771F15350A00E213F4 /* StorageReference.swift */ = {isa = PBXFileReference; fileEncoding = 4; lastKnownFileType = sourcecode.swift; name = StorageReference.swift; path = Extensions/StorageReference.swift; sourceTree = "<group>"; };
		832C7A3C1F2664630094766A /* ResetEmailViewController.swift */ = {isa = PBXFileReference; fileEncoding = 4; lastKnownFileType = sourcecode.swift; name = ResetEmailViewController.swift; path = Controllers/ResetEmailViewController.swift; sourceTree = "<group>"; };
		832C7A3E1F266F6E0094766A /* whitePin.png */ = {isa = PBXFileReference; lastKnownFileType = image.png; name = whitePin.png; path = Arts/whitePin.png; sourceTree = "<group>"; };
		832E16791F1BF1D1005FCE55 /* Refresh.png */ = {isa = PBXFileReference; lastKnownFileType = image.png; name = Refresh.png; path = Arts/Refresh.png; sourceTree = "<group>"; };
		832E167B1F1BF2BE005FCE55 /* whiteGearImage.png */ = {isa = PBXFileReference; lastKnownFileType = image.png; name = whiteGearImage.png; path = Arts/whiteGearImage.png; sourceTree = "<group>"; };
		833BE1841F2A5445009B229A /* Assets.xcassets */ = {isa = PBXFileReference; lastKnownFileType = folder.assetcatalog; path = Assets.xcassets; sourceTree = "<group>"; };
		8341D2341F17D76B00242BC8 /* ContactsTableViewCell.swift */ = {isa = PBXFileReference; fileEncoding = 4; lastKnownFileType = sourcecode.swift; name = ContactsTableViewCell.swift; path = CustomClasses/ContactsTableViewCell.swift; sourceTree = "<group>"; };
		8341D2361F17D78100242BC8 /* ContactsTableViewController.swift */ = {isa = PBXFileReference; fileEncoding = 4; lastKnownFileType = sourcecode.swift; name = ContactsTableViewController.swift; path = Controllers/ContactsTableViewController.swift; sourceTree = "<group>"; };
		8343CC211F2A83C100DCDB99 /* greenPlus.png */ = {isa = PBXFileReference; lastKnownFileType = image.png; name = greenPlus.png; path = Arts/greenPlus.png; sourceTree = "<group>"; };
		83533A6F1F133F64002EEE74 /* plusImage.png */ = {isa = PBXFileReference; lastKnownFileType = image.png; name = plusImage.png; path = Arts/plusImage.png; sourceTree = "<group>"; };
		83533A711F1340C7002EEE74 /* MainViewController.swift */ = {isa = PBXFileReference; fileEncoding = 4; lastKnownFileType = sourcecode.swift; name = MainViewController.swift; path = Controllers/MainViewController.swift; sourceTree = "<group>"; };
		83533A731F134317002EEE74 /* MapKit.framework */ = {isa = PBXFileReference; lastKnownFileType = wrapper.framework; name = MapKit.framework; path = System/Library/Frameworks/MapKit.framework; sourceTree = SDKROOT; };
		83533A751F134706002EEE74 /* CustomTableCell.swift */ = {isa = PBXFileReference; fileEncoding = 4; lastKnownFileType = sourcecode.swift; name = CustomTableCell.swift; path = CustomClasses/CustomTableCell.swift; sourceTree = "<group>"; };
		83533A7A1F134CC5002EEE74 /* Entry.swift */ = {isa = PBXFileReference; fileEncoding = 4; lastKnownFileType = sourcecode.swift; name = Entry.swift; path = Models/Entry.swift; sourceTree = "<group>"; };
		83533A7C1F135272002EEE74 /* StorageService.swift */ = {isa = PBXFileReference; fileEncoding = 4; lastKnownFileType = sourcecode.swift; name = StorageService.swift; path = Services/StorageService.swift; sourceTree = "<group>"; };
		83533A7E1F1359A4002EEE74 /* ItemService.swift */ = {isa = PBXFileReference; fileEncoding = 4; lastKnownFileType = sourcecode.swift; name = ItemService.swift; path = Services/ItemService.swift; sourceTree = "<group>"; };
		835ADA491F2969E80045F205 /* detailsButton.png */ = {isa = PBXFileReference; lastKnownFileType = image.png; name = detailsButton.png; path = Arts/detailsButton.png; sourceTree = "<group>"; };
		8362EE811F19E1C40055BF6C /* CustomPointAnnotation.swift */ = {isa = PBXFileReference; fileEncoding = 4; lastKnownFileType = sourcecode.swift; name = CustomPointAnnotation.swift; path = CustomClasses/CustomPointAnnotation.swift; sourceTree = "<group>"; };
		83680B601F149F2B003A14CC /* plusButton200*200.png */ = {isa = PBXFileReference; lastKnownFileType = image.png; name = "plusButton200*200.png"; path = "Arts/plusButton200*200.png"; sourceTree = "<group>"; };
		83680B621F14A83D003A14CC /* arrowGreen.png */ = {isa = PBXFileReference; lastKnownFileType = image.png; name = arrowGreen.png; path = Arts/arrowGreen.png; sourceTree = "<group>"; };
		83761FBF1F16BC1E00CE33D7 /* LocationService.swift */ = {isa = PBXFileReference; fileEncoding = 4; lastKnownFileType = sourcecode.swift; name = LocationService.swift; path = Services/LocationService.swift; sourceTree = "<group>"; };
		83777A791F2009730023C51C /* SignInPopUpViewController.swift */ = {isa = PBXFileReference; fileEncoding = 4; lastKnownFileType = sourcecode.swift; name = SignInPopUpViewController.swift; path = Controllers/SignInPopUpViewController.swift; sourceTree = "<group>"; };
		837938931F136CE1003B4B34 /* AddEntryViewController.swift */ = {isa = PBXFileReference; fileEncoding = 4; lastKnownFileType = sourcecode.swift; name = AddEntryViewController.swift; path = Controllers/AddEntryViewController.swift; sourceTree = "<group>"; };
		837938951F137213003B4B34 /* MGPhotoHelper.swift */ = {isa = PBXFileReference; fileEncoding = 4; lastKnownFileType = sourcecode.swift; name = MGPhotoHelper.swift; path = Helpers/MGPhotoHelper.swift; sourceTree = "<group>"; };
		838AC93C1F16EB8300D0EDCA /* 500*20Shadow.png */ = {isa = PBXFileReference; lastKnownFileType = image.png; name = "500*20Shadow.png"; path = "Arts/500*20Shadow.png"; sourceTree = "<group>"; };
		839149261F23195300D1E959 /* defaultNoItemImage.png */ = {isa = PBXFileReference; lastKnownFileType = image.png; name = defaultNoItemImage.png; path = Arts/defaultNoItemImage.png; sourceTree = "<group>"; };
		8391492A1F240FA100D1E959 /* filter.png */ = {isa = PBXFileReference; lastKnownFileType = image.png; name = filter.png; path = Arts/filter.png; sourceTree = "<group>"; };
		839DF3B71F147E250029D556 /* redPin.png */ = {isa = PBXFileReference; lastKnownFileType = image.png; name = redPin.png; path = Arts/redPin.png; sourceTree = "<group>"; };
		83A00C741F14B40B0033E821 /* List icon.png */ = {isa = PBXFileReference; lastKnownFileType = image.png; name = "List icon.png"; path = "Arts/List icon.png"; sourceTree = "<group>"; };
		83A00C751F14B40B0033E821 /* Map Icon.png */ = {isa = PBXFileReference; lastKnownFileType = image.png; name = "Map Icon.png"; path = "Arts/Map Icon.png"; sourceTree = "<group>"; };
		83A00C781F14B6A90033E821 /* Rory.jpg */ = {isa = PBXFileReference; lastKnownFileType = image.jpeg; path = Rory.jpg; sourceTree = "<group>"; };
		83A43C441F1D75E3000F4324 /* findContact.png */ = {isa = PBXFileReference; lastKnownFileType = image.png; name = findContact.png; path = Arts/findContact.png; sourceTree = "<group>"; };
		83A43C451F1D75E3000F4324 /* selectedFindcontact.png */ = {isa = PBXFileReference; lastKnownFileType = image.png; name = selectedFindcontact.png; path = Arts/selectedFindcontact.png; sourceTree = "<group>"; };
		83AEF55D1F27DD68005AE7D3 /* noContactImage.png */ = {isa = PBXFileReference; lastKnownFileType = image.png; name = noContactImage.png; path = Arts/noContactImage.png; sourceTree = "<group>"; };
		83B49FD41F21C0EF00EFF184 /* CoreDataHelper.swift */ = {isa = PBXFileReference; fileEncoding = 4; lastKnownFileType = sourcecode.swift; name = CoreDataHelper.swift; path = Helpers/CoreDataHelper.swift; sourceTree = "<group>"; };
		83B5D0001F1C430B003AB9CD /* PopUpViewController.swift */ = {isa = PBXFileReference; fileEncoding = 4; lastKnownFileType = sourcecode.swift; name = PopUpViewController.swift; path = Controllers/PopUpViewController.swift; sourceTree = "<group>"; };
		83C8FDA31F290BD000795965 /* InternetConnectionHelper.swift */ = {isa = PBXFileReference; fileEncoding = 4; lastKnownFileType = sourcecode.swift; name = InternetConnectionHelper.swift; path = Helpers/InternetConnectionHelper.swift; sourceTree = "<group>"; };
		83C8FDA91F29379500795965 /* LocationTableViewCell.swift */ = {isa = PBXFileReference; fileEncoding = 4; lastKnownFileType = sourcecode.swift; name = LocationTableViewCell.swift; path = CustomClasses/LocationTableViewCell.swift; sourceTree = "<group>"; };
		83D529731F12F03A00ED4EEE /* Login.storyboard */ = {isa = PBXFileReference; fileEncoding = 4; lastKnownFileType = file.storyboard; name = Login.storyboard; path = Controllers/Login.storyboard; sourceTree = "<group>"; };
		83D529761F12F38800ED4EEE /* User.swift */ = {isa = PBXFileReference; fileEncoding = 4; lastKnownFileType = sourcecode.swift; name = User.swift; path = Models/User.swift; sourceTree = "<group>"; };
		83D529791F12FCAD00ED4EEE /* UserService.swift */ = {isa = PBXFileReference; fileEncoding = 4; lastKnownFileType = sourcecode.swift; name = UserService.swift; path = Services/UserService.swift; sourceTree = "<group>"; };
		83D5297B1F12FCFD00ED4EEE /* GoogleService-Info.plist */ = {isa = PBXFileReference; fileEncoding = 4; lastKnownFileType = text.plist.xml; name = "GoogleService-Info.plist"; path = "Supports/GoogleService-Info.plist"; sourceTree = "<group>"; };
		83D5297C1F12FCFD00ED4EEE /* Info.plist */ = {isa = PBXFileReference; fileEncoding = 4; lastKnownFileType = text.plist.xml; name = Info.plist; path = Supports/Info.plist; sourceTree = "<group>"; };
		83DDC2391F1693F90072BCFB /* ContactListController.swift */ = {isa = PBXFileReference; fileEncoding = 4; lastKnownFileType = sourcecode.swift; name = ContactListController.swift; path = Controllers/ContactListController.swift; sourceTree = "<group>"; };
		83E4CB101F12EA5D00EDDD91 /* MapItOut.app */ = {isa = PBXFileReference; explicitFileType = wrapper.application; includeInIndex = 0; path = MapItOut.app; sourceTree = BUILT_PRODUCTS_DIR; };
		83E4CB131F12EA5D00EDDD91 /* AppDelegate.swift */ = {isa = PBXFileReference; lastKnownFileType = sourcecode.swift; path = AppDelegate.swift; sourceTree = "<group>"; };
		83E4CB1B1F12EA5D00EDDD91 /* MapItOut.xcdatamodel */ = {isa = PBXFileReference; lastKnownFileType = wrapper.xcdatamodel; path = MapItOut.xcdatamodel; sourceTree = "<group>"; };
		83E4CB281F12EB5800EDDD91 /* LaunchScreen.storyboard */ = {isa = PBXFileReference; fileEncoding = 4; lastKnownFileType = file.storyboard; name = LaunchScreen.storyboard; path = Storyboards/LaunchScreen.storyboard; sourceTree = "<group>"; };
		83E4CB291F12EB5800EDDD91 /* Main.storyboard */ = {isa = PBXFileReference; fileEncoding = 4; lastKnownFileType = file.storyboard; name = Main.storyboard; path = Storyboards/Main.storyboard; sourceTree = "<group>"; };
		83E4CB2D1F12EB8100EDDD91 /* LoginViewController.swift */ = {isa = PBXFileReference; fileEncoding = 4; lastKnownFileType = sourcecode.swift; name = LoginViewController.swift; path = Controllers/LoginViewController.swift; sourceTree = "<group>"; };
		83E4CB351F12EC2600EDDD91 /* Icon.png */ = {isa = PBXFileReference; lastKnownFileType = image.png; name = Icon.png; path = Arts/Icon.png; sourceTree = "<group>"; };
		83E500291F269B5500E69872 /* AddTypePopUpViewController.swift */ = {isa = PBXFileReference; fileEncoding = 4; lastKnownFileType = sourcecode.swift; name = AddTypePopUpViewController.swift; path = Controllers/AddTypePopUpViewController.swift; sourceTree = "<group>"; };
		83EB67661F22A12400BD9BD8 /* placeHolder.png */ = {isa = PBXFileReference; lastKnownFileType = image.png; name = placeHolder.png; path = Arts/placeHolder.png; sourceTree = "<group>"; };
		83EB676A1F22AC5C00BD9BD8 /* InitalLoadingViewController.swift */ = {isa = PBXFileReference; fileEncoding = 4; lastKnownFileType = sourcecode.swift; name = InitalLoadingViewController.swift; path = Controllers/InitalLoadingViewController.swift; sourceTree = "<group>"; };
		83EC9DCC1F148BAD00AAC07B /* 200*274pin.png */ = {isa = PBXFileReference; lastKnownFileType = image.png; name = "200*274pin.png"; path = "Arts/200*274pin.png"; sourceTree = "<group>"; };
		A3FBD0AC450289A1FC033061 /* Pods-MapItOut.debug.xcconfig */ = {isa = PBXFileReference; includeInIndex = 1; lastKnownFileType = text.xcconfig; name = "Pods-MapItOut.debug.xcconfig"; path = "Pods/Target Support Files/Pods-MapItOut/Pods-MapItOut.debug.xcconfig"; sourceTree = "<group>"; };
		DA73A6F5A94BFE32E29BB6AB /* Pods_MapItOut.framework */ = {isa = PBXFileReference; explicitFileType = wrapper.framework; includeInIndex = 0; path = Pods_MapItOut.framework; sourceTree = BUILT_PRODUCTS_DIR; };
		F29DB4B985B7F3B640591B87 /* Pods-MapItOut.release.xcconfig */ = {isa = PBXFileReference; includeInIndex = 1; lastKnownFileType = text.xcconfig; name = "Pods-MapItOut.release.xcconfig"; path = "Pods/Target Support Files/Pods-MapItOut/Pods-MapItOut.release.xcconfig"; sourceTree = "<group>"; };
/* End PBXFileReference section */

/* Begin PBXFrameworksBuildPhase section */
		83E4CB0D1F12EA5D00EDDD91 /* Frameworks */ = {
			isa = PBXFrameworksBuildPhase;
			buildActionMask = 2147483647;
			files = (
				83533A741F134317002EEE74 /* MapKit.framework in Frameworks */,
				1D3C6C22B3595DABB6C7C8D6 /* Pods_MapItOut.framework in Frameworks */,
			);
			runOnlyForDeploymentPostprocessing = 0;
		};
/* End PBXFrameworksBuildPhase section */

/* Begin PBXGroup section */
		45EFBCED8911ABCC28A0ED22 /* Frameworks */ = {
			isa = PBXGroup;
			children = (
				83533A731F134317002EEE74 /* MapKit.framework */,
				DA73A6F5A94BFE32E29BB6AB /* Pods_MapItOut.framework */,
			);
			name = Frameworks;
			sourceTree = "<group>";
		};
		8312E0011F13316600AD0054 /* Extensions */ = {
			isa = PBXGroup;
			children = (
				8312E0021F13318A00AD0054 /* Storyboard+Utility.swift */,
				832C70771F15350A00E213F4 /* StorageReference.swift */,
			);
			name = Extensions;
			sourceTree = "<group>";
		};
		833BE1831F2A52EC009B229A /* Images */ = {
			isa = PBXGroup;
			children = (
				835ADA491F2969E80045F205 /* detailsButton.png */,
				83AEF55D1F27DD68005AE7D3 /* noContactImage.png */,
				8343CC211F2A83C100DCDB99 /* greenPlus.png */,
				832C7A3E1F266F6E0094766A /* whitePin.png */,
				8391492A1F240FA100D1E959 /* filter.png */,
				839149261F23195300D1E959 /* defaultNoItemImage.png */,
				83EB67661F22A12400BD9BD8 /* placeHolder.png */,
				83A43C441F1D75E3000F4324 /* findContact.png */,
				83A43C451F1D75E3000F4324 /* selectedFindcontact.png */,
				832E167B1F1BF2BE005FCE55 /* whiteGearImage.png */,
				832E16791F1BF1D1005FCE55 /* Refresh.png */,
				838AC93C1F16EB8300D0EDCA /* 500*20Shadow.png */,
				83680B621F14A83D003A14CC /* arrowGreen.png */,
				83680B601F149F2B003A14CC /* plusButton200*200.png */,
				83533A6F1F133F64002EEE74 /* plusImage.png */,
				83E4CB351F12EC2600EDDD91 /* Icon.png */,
				83EC9DCC1F148BAD00AAC07B /* 200*274pin.png */,
				839DF3B71F147E250029D556 /* redPin.png */,
				83A00C741F14B40B0033E821 /* List icon.png */,
				83A00C751F14B40B0033E821 /* Map Icon.png */,
				83A00C781F14B6A90033E821 /* Rory.jpg */,
			);
			name = Images;
			sourceTree = "<group>";
		};
		83533A771F13470C002EEE74 /* Custom Classes */ = {
			isa = PBXGroup;
			children = (
				8341D2341F17D76B00242BC8 /* ContactsTableViewCell.swift */,
				83533A751F134706002EEE74 /* CustomTableCell.swift */,
				8362EE811F19E1C40055BF6C /* CustomPointAnnotation.swift */,
				83C8FDA91F29379500795965 /* LocationTableViewCell.swift */,
			);
			name = "Custom Classes";
			sourceTree = "<group>";
		};
		837938971F137216003B4B34 /* Helpers */ = {
			isa = PBXGroup;
			children = (
				83B49FD41F21C0EF00EFF184 /* CoreDataHelper.swift */,
				837938951F137213003B4B34 /* MGPhotoHelper.swift */,
				83C8FDA31F290BD000795965 /* InternetConnectionHelper.swift */,
			);
			name = Helpers;
			sourceTree = "<group>";
		};
		83D529751F12F36700ED4EEE /* Models */ = {
			isa = PBXGroup;
			children = (
				83D529761F12F38800ED4EEE /* User.swift */,
				83533A7A1F134CC5002EEE74 /* Entry.swift */,
			);
			name = Models;
			path = MapItOut;
			sourceTree = "<group>";
		};
		83D529781F12FC9600ED4EEE /* Services */ = {
			isa = PBXGroup;
			children = (
				83D529791F12FCAD00ED4EEE /* UserService.swift */,
				83533A7C1F135272002EEE74 /* StorageService.swift */,
				83533A7E1F1359A4002EEE74 /* ItemService.swift */,
				83761FBF1F16BC1E00CE33D7 /* LocationService.swift */,
			);
			name = Services;
			sourceTree = "<group>";
		};
		83E4CB071F12EA5D00EDDD91 = {
			isa = PBXGroup;
			children = (
				83E4CB121F12EA5D00EDDD91 /* MapItOut */,
				83D529751F12F36700ED4EEE /* Models */,
				83E4CB111F12EA5D00EDDD91 /* Products */,
				A3D4E72469DA465EAB0999B0 /* Pods */,
				45EFBCED8911ABCC28A0ED22 /* Frameworks */,
			);
			sourceTree = "<group>";
		};
		83E4CB111F12EA5D00EDDD91 /* Products */ = {
			isa = PBXGroup;
			children = (
				83E4CB101F12EA5D00EDDD91 /* MapItOut.app */,
			);
			name = Products;
			sourceTree = "<group>";
		};
		83E4CB121F12EA5D00EDDD91 /* MapItOut */ = {
			isa = PBXGroup;
			children = (
				833BE1841F2A5445009B229A /* Assets.xcassets */,
				833BE1831F2A52EC009B229A /* Images */,
				83E4CB131F12EA5D00EDDD91 /* AppDelegate.swift */,
				83E4CB1A1F12EA5D00EDDD91 /* MapItOut.xcdatamodeld */,
				837938971F137216003B4B34 /* Helpers */,
				83533A771F13470C002EEE74 /* Custom Classes */,
				83E4CB2F1F12EB8300EDDD91 /* Controllers */,
				83D529781F12FC9600ED4EEE /* Services */,
				83E4CB2C1F12EB6C00EDDD91 /* Storyboards */,
				8312E0011F13316600AD0054 /* Extensions */,
				83E4CB321F12EB9600EDDD91 /* Supports */,
			);
			path = MapItOut;
			sourceTree = "<group>";
		};
		83E4CB2C1F12EB6C00EDDD91 /* Storyboards */ = {
			isa = PBXGroup;
			children = (
				83E4CB281F12EB5800EDDD91 /* LaunchScreen.storyboard */,
				83E4CB291F12EB5800EDDD91 /* Main.storyboard */,
				83D529731F12F03A00ED4EEE /* Login.storyboard */,
			);
			name = Storyboards;
			sourceTree = "<group>";
		};
		83E4CB2F1F12EB8300EDDD91 /* Controllers */ = {
			isa = PBXGroup;
			children = (
				8341D2361F17D78100242BC8 /* ContactsTableViewController.swift */,
				83DDC2391F1693F90072BCFB /* ContactListController.swift */,
				83533A711F1340C7002EEE74 /* MainViewController.swift */,
				837938931F136CE1003B4B34 /* AddEntryViewController.swift */,
				83B5D0001F1C430B003AB9CD /* PopUpViewController.swift */,
				83E4CB2D1F12EB8100EDDD91 /* LoginViewController.swift */,
				83777A791F2009730023C51C /* SignInPopUpViewController.swift */,
				83EB676A1F22AC5C00BD9BD8 /* InitalLoadingViewController.swift */,
				832C7A3C1F2664630094766A /* ResetEmailViewController.swift */,
				83E500291F269B5500E69872 /* AddTypePopUpViewController.swift */,
			);
			name = Controllers;
			sourceTree = "<group>";
		};
		83E4CB321F12EB9600EDDD91 /* Supports */ = {
			isa = PBXGroup;
			children = (
				83D5297B1F12FCFD00ED4EEE /* GoogleService-Info.plist */,
				83D5297C1F12FCFD00ED4EEE /* Info.plist */,
			);
			name = Supports;
			sourceTree = "<group>";
		};
		A3D4E72469DA465EAB0999B0 /* Pods */ = {
			isa = PBXGroup;
			children = (
				A3FBD0AC450289A1FC033061 /* Pods-MapItOut.debug.xcconfig */,
				F29DB4B985B7F3B640591B87 /* Pods-MapItOut.release.xcconfig */,
			);
			name = Pods;
			sourceTree = "<group>";
		};
/* End PBXGroup section */

/* Begin PBXNativeTarget section */
		83E4CB0F1F12EA5D00EDDD91 /* MapItOut */ = {
			isa = PBXNativeTarget;
			buildConfigurationList = 83E4CB251F12EA5D00EDDD91 /* Build configuration list for PBXNativeTarget "MapItOut" */;
			buildPhases = (
				EBBD0CE87FD63BC485E42555 /* [CP] Check Pods Manifest.lock */,
				83E4CB0C1F12EA5D00EDDD91 /* Sources */,
				83E4CB0D1F12EA5D00EDDD91 /* Frameworks */,
				83E4CB0E1F12EA5D00EDDD91 /* Resources */,
				A36A3C9C2EF9B064B3665762 /* [CP] Embed Pods Frameworks */,
				85D3E35F00F7E0D04BEB9554 /* [CP] Copy Pods Resources */,
			);
			buildRules = (
			);
			dependencies = (
			);
			name = MapItOut;
			productName = MapItOut;
			productReference = 83E4CB101F12EA5D00EDDD91 /* MapItOut.app */;
			productType = "com.apple.product-type.application";
		};
/* End PBXNativeTarget section */

/* Begin PBXProject section */
		83E4CB081F12EA5D00EDDD91 /* Project object */ = {
			isa = PBXProject;
			attributes = {
				LastSwiftUpdateCheck = 0830;
				LastUpgradeCheck = 0830;
				ORGANIZATIONNAME = "Portia Wang";
				TargetAttributes = {
					83E4CB0F1F12EA5D00EDDD91 = {
						CreatedOnToolsVersion = 8.3.3;
						DevelopmentTeam = 4B8UB67XF4;
						ProvisioningStyle = Automatic;
						SystemCapabilities = {
							com.apple.Maps.iOS = {
								enabled = 1;
							};
						};
					};
				};
			};
			buildConfigurationList = 83E4CB0B1F12EA5D00EDDD91 /* Build configuration list for PBXProject "MapItOut" */;
			compatibilityVersion = "Xcode 3.2";
			developmentRegion = English;
			hasScannedForEncodings = 0;
			knownRegions = (
				en,
				Base,
			);
			mainGroup = 83E4CB071F12EA5D00EDDD91;
			productRefGroup = 83E4CB111F12EA5D00EDDD91 /* Products */;
			projectDirPath = "";
			projectRoot = "";
			targets = (
				83E4CB0F1F12EA5D00EDDD91 /* MapItOut */,
			);
		};
/* End PBXProject section */

/* Begin PBXResourcesBuildPhase section */
		83E4CB0E1F12EA5D00EDDD91 /* Resources */ = {
			isa = PBXResourcesBuildPhase;
			buildActionMask = 2147483647;
			files = (
				8391492B1F240FA100D1E959 /* filter.png in Resources */,
				83A43C471F1D75E3000F4324 /* selectedFindcontact.png in Resources */,
				833BE1851F2A5445009B229A /* Assets.xcassets in Resources */,
				838AC93D1F16EB8300D0EDCA /* 500*20Shadow.png in Resources */,
				83E4CB361F12EC2600EDDD91 /* Icon.png in Resources */,
				83EC9DCD1F148BAD00AAC07B /* 200*274pin.png in Resources */,
				83D529741F12F03A00ED4EEE /* Login.storyboard in Resources */,
				83E4CB2B1F12EB5800EDDD91 /* Main.storyboard in Resources */,
				83A43C461F1D75E3000F4324 /* findContact.png in Resources */,
				83A00C791F14B6A90033E821 /* Rory.jpg in Resources */,
				832C7A3F1F266F6E0094766A /* whitePin.png in Resources */,
				83680B631F14A83D003A14CC /* arrowGreen.png in Resources */,
				83EB67671F22A12400BD9BD8 /* placeHolder.png in Resources */,
				832E167A1F1BF1D1005FCE55 /* Refresh.png in Resources */,
				83A00C771F14B40B0033E821 /* Map Icon.png in Resources */,
				835ADA4A1F2969E80045F205 /* detailsButton.png in Resources */,
				839149271F23195300D1E959 /* defaultNoItemImage.png in Resources */,
				83680B611F149F2B003A14CC /* plusButton200*200.png in Resources */,
				83AEF55E1F27DD68005AE7D3 /* noContactImage.png in Resources */,
				839DF3B81F147E250029D556 /* redPin.png in Resources */,
				832E167C1F1BF2BE005FCE55 /* whiteGearImage.png in Resources */,
				8343CC221F2A83C100DCDB99 /* greenPlus.png in Resources */,
				83A00C761F14B40B0033E821 /* List icon.png in Resources */,
				83E4CB2A1F12EB5800EDDD91 /* LaunchScreen.storyboard in Resources */,
				83D5297D1F12FCFD00ED4EEE /* GoogleService-Info.plist in Resources */,
				83533A701F133F64002EEE74 /* plusImage.png in Resources */,
			);
			runOnlyForDeploymentPostprocessing = 0;
		};
/* End PBXResourcesBuildPhase section */

/* Begin PBXShellScriptBuildPhase section */
		85D3E35F00F7E0D04BEB9554 /* [CP] Copy Pods Resources */ = {
			isa = PBXShellScriptBuildPhase;
			buildActionMask = 2147483647;
			files = (
			);
			inputPaths = (
			);
			name = "[CP] Copy Pods Resources";
			outputPaths = (
			);
			runOnlyForDeploymentPostprocessing = 0;
			shellPath = /bin/sh;
			shellScript = "\"${SRCROOT}/Pods/Target Support Files/Pods-MapItOut/Pods-MapItOut-resources.sh\"\n";
			showEnvVarsInLog = 0;
		};
		A36A3C9C2EF9B064B3665762 /* [CP] Embed Pods Frameworks */ = {
			isa = PBXShellScriptBuildPhase;
			buildActionMask = 2147483647;
			files = (
			);
			inputPaths = (
			);
			name = "[CP] Embed Pods Frameworks";
			outputPaths = (
			);
			runOnlyForDeploymentPostprocessing = 0;
			shellPath = /bin/sh;
			shellScript = "\"${SRCROOT}/Pods/Target Support Files/Pods-MapItOut/Pods-MapItOut-frameworks.sh\"\n";
			showEnvVarsInLog = 0;
		};
		EBBD0CE87FD63BC485E42555 /* [CP] Check Pods Manifest.lock */ = {
			isa = PBXShellScriptBuildPhase;
			buildActionMask = 2147483647;
			files = (
			);
			inputPaths = (
			);
			name = "[CP] Check Pods Manifest.lock";
			outputPaths = (
			);
			runOnlyForDeploymentPostprocessing = 0;
			shellPath = /bin/sh;
			shellScript = "diff \"${PODS_PODFILE_DIR_PATH}/Podfile.lock\" \"${PODS_ROOT}/Manifest.lock\" > /dev/null\nif [ $? != 0 ] ; then\n    # print error to STDERR\n    echo \"error: The sandbox is not in sync with the Podfile.lock. Run 'pod install' or update your CocoaPods installation.\" >&2\n    exit 1\nfi\n";
			showEnvVarsInLog = 0;
		};
/* End PBXShellScriptBuildPhase section */

/* Begin PBXSourcesBuildPhase section */
		83E4CB0C1F12EA5D00EDDD91 /* Sources */ = {
			isa = PBXSourcesBuildPhase;
			buildActionMask = 2147483647;
			files = (
				83C8FDA41F290BD000795965 /* InternetConnectionHelper.swift in Sources */,
				83533A7B1F134CC5002EEE74 /* Entry.swift in Sources */,
				83533A721F1340C7002EEE74 /* MainViewController.swift in Sources */,
				832C7A3D1F2664630094766A /* ResetEmailViewController.swift in Sources */,
				83D529771F12F38800ED4EEE /* User.swift in Sources */,
				83D5297A1F12FCAD00ED4EEE /* UserService.swift in Sources */,
				83DDC23A1F1693F90072BCFB /* ContactListController.swift in Sources */,
				8362EE821F19E1C40055BF6C /* CustomPointAnnotation.swift in Sources */,
				83533A761F134706002EEE74 /* CustomTableCell.swift in Sources */,
				83E5002A1F269B5500E69872 /* AddTypePopUpViewController.swift in Sources */,
				83E4CB2E1F12EB8100EDDD91 /* LoginViewController.swift in Sources */,
				83B49FD51F21C0EF00EFF184 /* CoreDataHelper.swift in Sources */,
				8312E0031F13318A00AD0054 /* Storyboard+Utility.swift in Sources */,
				8341D2371F17D78100242BC8 /* ContactsTableViewController.swift in Sources */,
				83533A7F1F1359A4002EEE74 /* ItemService.swift in Sources */,
				83B5D0011F1C430B003AB9CD /* PopUpViewController.swift in Sources */,
				8341D2351F17D76B00242BC8 /* ContactsTableViewCell.swift in Sources */,
				83E4CB141F12EA5D00EDDD91 /* AppDelegate.swift in Sources */,
				83761FC01F16BC1E00CE33D7 /* LocationService.swift in Sources */,
				832C70781F15350A00E213F4 /* StorageReference.swift in Sources */,
				837938941F136CE1003B4B34 /* AddEntryViewController.swift in Sources */,
				83C8FDAA1F29379500795965 /* LocationTableViewCell.swift in Sources */,
				83533A7D1F135272002EEE74 /* StorageService.swift in Sources */,
				837938961F137213003B4B34 /* MGPhotoHelper.swift in Sources */,
				83777A7A1F2009730023C51C /* SignInPopUpViewController.swift in Sources */,
				83EB676B1F22AC5C00BD9BD8 /* InitalLoadingViewController.swift in Sources */,
				83E4CB1C1F12EA5D00EDDD91 /* MapItOut.xcdatamodeld in Sources */,
			);
			runOnlyForDeploymentPostprocessing = 0;
		};
/* End PBXSourcesBuildPhase section */

/* Begin XCBuildConfiguration section */
		83E4CB231F12EA5D00EDDD91 /* Debug */ = {
			isa = XCBuildConfiguration;
			buildSettings = {
				ALWAYS_SEARCH_USER_PATHS = NO;
				CLANG_ANALYZER_NONNULL = YES;
				CLANG_ANALYZER_NUMBER_OBJECT_CONVERSION = YES_AGGRESSIVE;
				CLANG_CXX_LANGUAGE_STANDARD = "gnu++0x";
				CLANG_CXX_LIBRARY = "libc++";
				CLANG_ENABLE_MODULES = YES;
				CLANG_ENABLE_OBJC_ARC = YES;
				CLANG_WARN_BOOL_CONVERSION = YES;
				CLANG_WARN_CONSTANT_CONVERSION = YES;
				CLANG_WARN_DIRECT_OBJC_ISA_USAGE = YES_ERROR;
				CLANG_WARN_DOCUMENTATION_COMMENTS = YES;
				CLANG_WARN_EMPTY_BODY = YES;
				CLANG_WARN_ENUM_CONVERSION = YES;
				CLANG_WARN_INFINITE_RECURSION = YES;
				CLANG_WARN_INT_CONVERSION = YES;
				CLANG_WARN_OBJC_ROOT_CLASS = YES_ERROR;
				CLANG_WARN_SUSPICIOUS_MOVE = YES;
				CLANG_WARN_UNREACHABLE_CODE = YES;
				CLANG_WARN__DUPLICATE_METHOD_MATCH = YES;
				"CODE_SIGN_IDENTITY[sdk=iphoneos*]" = "iPhone Developer";
				COPY_PHASE_STRIP = NO;
				DEBUG_INFORMATION_FORMAT = dwarf;
				ENABLE_STRICT_OBJC_MSGSEND = YES;
				ENABLE_TESTABILITY = YES;
				GCC_C_LANGUAGE_STANDARD = gnu99;
				GCC_DYNAMIC_NO_PIC = NO;
				GCC_NO_COMMON_BLOCKS = YES;
				GCC_OPTIMIZATION_LEVEL = 0;
				GCC_PREPROCESSOR_DEFINITIONS = (
					"DEBUG=1",
					"$(inherited)",
				);
				GCC_WARN_64_TO_32_BIT_CONVERSION = YES;
				GCC_WARN_ABOUT_RETURN_TYPE = YES_ERROR;
				GCC_WARN_UNDECLARED_SELECTOR = YES;
				GCC_WARN_UNINITIALIZED_AUTOS = YES_AGGRESSIVE;
				GCC_WARN_UNUSED_FUNCTION = YES;
				GCC_WARN_UNUSED_VARIABLE = YES;
				IPHONEOS_DEPLOYMENT_TARGET = 10.3;
				MTL_ENABLE_DEBUG_INFO = YES;
				ONLY_ACTIVE_ARCH = YES;
				SDKROOT = iphoneos;
				SWIFT_ACTIVE_COMPILATION_CONDITIONS = DEBUG;
				SWIFT_OPTIMIZATION_LEVEL = "-Onone";
				TARGETED_DEVICE_FAMILY = "1,2";
			};
			name = Debug;
		};
		83E4CB241F12EA5D00EDDD91 /* Release */ = {
			isa = XCBuildConfiguration;
			buildSettings = {
				ALWAYS_SEARCH_USER_PATHS = NO;
				CLANG_ANALYZER_NONNULL = YES;
				CLANG_ANALYZER_NUMBER_OBJECT_CONVERSION = YES_AGGRESSIVE;
				CLANG_CXX_LANGUAGE_STANDARD = "gnu++0x";
				CLANG_CXX_LIBRARY = "libc++";
				CLANG_ENABLE_MODULES = YES;
				CLANG_ENABLE_OBJC_ARC = YES;
				CLANG_WARN_BOOL_CONVERSION = YES;
				CLANG_WARN_CONSTANT_CONVERSION = YES;
				CLANG_WARN_DIRECT_OBJC_ISA_USAGE = YES_ERROR;
				CLANG_WARN_DOCUMENTATION_COMMENTS = YES;
				CLANG_WARN_EMPTY_BODY = YES;
				CLANG_WARN_ENUM_CONVERSION = YES;
				CLANG_WARN_INFINITE_RECURSION = YES;
				CLANG_WARN_INT_CONVERSION = YES;
				CLANG_WARN_OBJC_ROOT_CLASS = YES_ERROR;
				CLANG_WARN_SUSPICIOUS_MOVE = YES;
				CLANG_WARN_UNREACHABLE_CODE = YES;
				CLANG_WARN__DUPLICATE_METHOD_MATCH = YES;
				"CODE_SIGN_IDENTITY[sdk=iphoneos*]" = "iPhone Developer";
				COPY_PHASE_STRIP = NO;
				DEBUG_INFORMATION_FORMAT = "dwarf-with-dsym";
				ENABLE_NS_ASSERTIONS = NO;
				ENABLE_STRICT_OBJC_MSGSEND = YES;
				GCC_C_LANGUAGE_STANDARD = gnu99;
				GCC_NO_COMMON_BLOCKS = YES;
				GCC_WARN_64_TO_32_BIT_CONVERSION = YES;
				GCC_WARN_ABOUT_RETURN_TYPE = YES_ERROR;
				GCC_WARN_UNDECLARED_SELECTOR = YES;
				GCC_WARN_UNINITIALIZED_AUTOS = YES_AGGRESSIVE;
				GCC_WARN_UNUSED_FUNCTION = YES;
				GCC_WARN_UNUSED_VARIABLE = YES;
				IPHONEOS_DEPLOYMENT_TARGET = 10.3;
				MTL_ENABLE_DEBUG_INFO = NO;
				SDKROOT = iphoneos;
				SWIFT_OPTIMIZATION_LEVEL = "-Owholemodule";
				TARGETED_DEVICE_FAMILY = "1,2";
				VALIDATE_PRODUCT = YES;
			};
			name = Release;
		};
		83E4CB261F12EA5D00EDDD91 /* Debug */ = {
			isa = XCBuildConfiguration;
			baseConfigurationReference = A3FBD0AC450289A1FC033061 /* Pods-MapItOut.debug.xcconfig */;
			buildSettings = {
				ASSETCATALOG_COMPILER_APPICON_NAME = AppIcon;
				DEVELOPMENT_TEAM = 4B8UB67XF4;
				INFOPLIST_FILE = "$(SRCROOT)/MapItOut/Supports/Info.plist";
				LD_RUNPATH_SEARCH_PATHS = "$(inherited) @executable_path/Frameworks";
				PRODUCT_BUNDLE_IDENTIFIER = "p-wang.MapItOut";
				PRODUCT_NAME = "$(TARGET_NAME)";
				SWIFT_VERSION = 3.0;
			};
			name = Debug;
		};
		83E4CB271F12EA5D00EDDD91 /* Release */ = {
			isa = XCBuildConfiguration;
			baseConfigurationReference = F29DB4B985B7F3B640591B87 /* Pods-MapItOut.release.xcconfig */;
			buildSettings = {
				ASSETCATALOG_COMPILER_APPICON_NAME = AppIcon;
				DEVELOPMENT_TEAM = 4B8UB67XF4;
				INFOPLIST_FILE = "$(SRCROOT)/MapItOut/Supports/Info.plist";
				LD_RUNPATH_SEARCH_PATHS = "$(inherited) @executable_path/Frameworks";
				PRODUCT_BUNDLE_IDENTIFIER = "p-wang.MapItOut";
				PRODUCT_NAME = "$(TARGET_NAME)";
				SWIFT_VERSION = 3.0;
			};
			name = Release;
		};
/* End XCBuildConfiguration section */

/* Begin XCConfigurationList section */
		83E4CB0B1F12EA5D00EDDD91 /* Build configuration list for PBXProject "MapItOut" */ = {
			isa = XCConfigurationList;
			buildConfigurations = (
				83E4CB231F12EA5D00EDDD91 /* Debug */,
				83E4CB241F12EA5D00EDDD91 /* Release */,
			);
			defaultConfigurationIsVisible = 0;
			defaultConfigurationName = Release;
		};
		83E4CB251F12EA5D00EDDD91 /* Build configuration list for PBXNativeTarget "MapItOut" */ = {
			isa = XCConfigurationList;
			buildConfigurations = (
				83E4CB261F12EA5D00EDDD91 /* Debug */,
				83E4CB271F12EA5D00EDDD91 /* Release */,
			);
			defaultConfigurationIsVisible = 0;
			defaultConfigurationName = Release;
		};
/* End XCConfigurationList section */

/* Begin XCVersionGroup section */
		83E4CB1A1F12EA5D00EDDD91 /* MapItOut.xcdatamodeld */ = {
			isa = XCVersionGroup;
			children = (
				83E4CB1B1F12EA5D00EDDD91 /* MapItOut.xcdatamodel */,
			);
			currentVersion = 83E4CB1B1F12EA5D00EDDD91 /* MapItOut.xcdatamodel */;
			path = MapItOut.xcdatamodeld;
			sourceTree = "<group>";
			versionGroupType = wrapper.xcdatamodel;
		};
/* End XCVersionGroup section */
	};
	rootObject = 83E4CB081F12EA5D00EDDD91 /* Project object */;
}
